{
  "name": "workspace",
  "version": "1.0.0",
  "lockfileVersion": 2,
  "requires": true,
  "packages": {
    "": {
      "name": "workspace",
      "version": "1.0.0",
      "workspaces": [
        "packages/*"
      ],
      "devDependencies": {
        "prettier": "2.7.1"
      }
    },
    "node_modules/core": {
      "resolved": "packages/core",
      "link": true
    },
    "node_modules/prettier": {
      "version": "2.7.1",
      "resolved": "https://registry.npmjs.org/prettier/-/prettier-2.7.1.tgz",
      "integrity": "sha512-ujppO+MkdPqoVINuDFDRLClm7D78qbDt0/NR+wp5FqEZOoTNAjPHWj17QRhu7geIHJfcNhRk1XVQmF8Bp3ye+g==",
      "dev": true,
      "bin": {
        "prettier": "bin-prettier.js"
      },
      "engines": {
        "node": ">=10.13.0"
      },
      "funding": {
        "url": "https://github.com/prettier/prettier?sponsor=1"
      }
    },
    "node_modules/tools": {
      "resolved": "packages/tools",
      "link": true
    },
    "node_modules/ui": {
      "resolved": "packages/ui",
      "link": true
    },
    "packages/core": {
      "version": "1.0.0",
      "devDependencies": {
        "prettier": "2.7.1"
      }
    },
    "packages/tools": {
      "version": "1.0.0",
      "devDependencies": {
        "prettier": "2.7.1"
      }
    },
    "packages/ui": {
      "version": "1.0.0",
      "devDependencies": {
        "prettier": "2.7.1"
      }
    }
  },
  "dependencies": {
    "core": {
      "version": "file:packages/core",
      "requires": {
        "prettier": "2.7.1"
      }
    },
    "prettier": {
      "version": "2.7.1",
      "resolved": "https://registry.npmjs.org/prettier/-/prettier-2.7.1.tgz",
      "integrity": "sha512-ujppO+MkdPqoVINuDFDRLClm7D78qbDt0/NR+wp5FqEZOoTNAjPHWj17QRhu7geIHJfcNhRk1XVQmF8Bp3ye+g==",
      "dev": true
    },
    "tools": {
      "version": "file:packages/tools",
      "requires": {
        "prettier": "2.7.1"
      }
    },
    "ui": {
      "version": "file:packages/ui",
      "requires": {
        "prettier": "2.7.1"
      }
    }
  }
}
